# This file is generated by running "yarn install" inside your project.
# Manual changes might be lost - proceed with caution!

__metadata:
  version: 6
  cacheKey: 8

"pg@workspace:.":
  version: 0.0.0-use.local
  resolution: "pg@workspace:."
  dependencies:
    rxjs: ^7.8.1
  languageName: unknown
  linkType: soft

"rxjs@npm:^7.8.1":
  version: 7.8.1
  resolution: "rxjs@npm:7.8.1"
  dependencies:
    tslib: ^2.1.0
  checksum: de4b53db1063e618ec2eca0f7965d9137cabe98cf6be9272efe6c86b47c17b987383df8574861bcced18ebd590764125a901d5506082be84a8b8e364bf05f119
  languageName: node
  linkType: hard

"tslib@npm:^2.1.0":
  version: 2.6.2
  resolution: "tslib@npm:2.6.2"
  checksum: 329ea56123005922f39642318e3d1f0f8265d1e7fcb92c633e0809521da75eeaca28d2cf96d7248229deb40e5c19adf408259f4b9640afd20d13aecc1430f3ad
  languageName: node
  linkType: hard
